// !$*UTF8*$!
{
	archiveVersion = 1;
	classes = {
	};
	objectVersion = 56;
	objects = {

/* Begin PBXBuildFile section */
		9E2E901E2B65D7F800E9F48B /* Sounds in Resources */ = {isa = PBXBuildFile; fileRef = 9E2E901D2B65D7F800E9F48B /* Sounds */; };
		9E307F2B2B54C4A500D87280 /* MelodyWeaverApp.swift in Sources */ = {isa = PBXBuildFile; fileRef = 9E307F2A2B54C4A500D87280 /* MelodyWeaverApp.swift */; };
		9E307F2F2B54C4A600D87280 /* Assets.xcassets in Resources */ = {isa = PBXBuildFile; fileRef = 9E307F2E2B54C4A600D87280 /* Assets.xcassets */; };
		9E307F322B54C4A600D87280 /* Preview Assets.xcassets in Resources */ = {isa = PBXBuildFile; fileRef = 9E307F312B54C4A600D87280 /* Preview Assets.xcassets */; };
		9E3A190F2B62C6B70053FEB9 /* HomeViewModel.swift in Sources */ = {isa = PBXBuildFile; fileRef = 9E3A190E2B62C6B70053FEB9 /* HomeViewModel.swift */; };
		9E3A19142B6381970053FEB9 /* DateFormat.swift in Sources */ = {isa = PBXBuildFile; fileRef = 9E3A19132B6381970053FEB9 /* DateFormat.swift */; };
		9E3A19162B65B9290053FEB9 /* Enums.swift in Sources */ = {isa = PBXBuildFile; fileRef = 9E3A19152B65B9290053FEB9 /* Enums.swift */; };
		9E3A19182B65B9550053FEB9 /* Extensions.swift in Sources */ = {isa = PBXBuildFile; fileRef = 9E3A19172B65B9550053FEB9 /* Extensions.swift */; };
		9E7908AB2B5D99F9005920D6 /* MusicSoundManager.swift in Sources */ = {isa = PBXBuildFile; fileRef = 9E7908AA2B5D99F9005920D6 /* MusicSoundManager.swift */; };
		9E7908AE2B5DA2AF005920D6 /* AudioKit in Frameworks */ = {isa = PBXBuildFile; productRef = 9E7908AD2B5DA2AF005920D6 /* AudioKit */; };
		9E7908B32B5DCD7F005920D6 /* AudioKitEX in Frameworks */ = {isa = PBXBuildFile; productRef = 9E7908B22B5DCD7F005920D6 /* AudioKitEX */; };
		9E790ADB2B5EB945005920D6 /* Keyboard in Frameworks */ = {isa = PBXBuildFile; productRef = 9E790ADA2B5EB945005920D6 /* Keyboard */; };
		9E790ADE2B601B8F005920D6 /* KeyboardButtons.swift in Sources */ = {isa = PBXBuildFile; fileRef = 9E790ADD2B601B8F005920D6 /* KeyboardButtons.swift */; };
		9E790AE12B604387005920D6 /* MIDITranslation.swift in Sources */ = {isa = PBXBuildFile; fileRef = 9E790AE02B604387005920D6 /* MIDITranslation.swift */; };
		9E790AE32B604A51005920D6 /* Song.swift in Sources */ = {isa = PBXBuildFile; fileRef = 9E790AE22B604A51005920D6 /* Song.swift */; };
		9E790AE52B60588D005920D6 /* File in Resources */ = {isa = PBXBuildFile; fileRef = 9E790AE42B60588D005920D6 /* File */; };
		9E790AE92B616F65005920D6 /* HomeView.swift in Sources */ = {isa = PBXBuildFile; fileRef = 9E790AE82B616F65005920D6 /* HomeView.swift */; };
		9E8CAF042B558EB200E0C25E /* SheetMusicView.swift in Sources */ = {isa = PBXBuildFile; fileRef = 9E8CAF032B558EB200E0C25E /* SheetMusicView.swift */; };
		9E8CAF092B55AA6900E0C25E /* NewSongView.swift in Sources */ = {isa = PBXBuildFile; fileRef = 9E8CAF082B55AA6900E0C25E /* NewSongView.swift */; };
		9E8CAF0B2B55AAD100E0C25E /* KeyboardView.swift in Sources */ = {isa = PBXBuildFile; fileRef = 9E8CAF0A2B55AAD100E0C25E /* KeyboardView.swift */; };
		9E9EB1362B5D89A2008EBAF3 /* SheetMusicViewModel.swift in Sources */ = {isa = PBXBuildFile; fileRef = 9E9EB1352B5D89A2008EBAF3 /* SheetMusicViewModel.swift */; };
/* End PBXBuildFile section */

/* Begin PBXFileReference section */
		9E2E901D2B65D7F800E9F48B /* Sounds */ = {isa = PBXFileReference; lastKnownFileType = folder; path = Sounds; sourceTree = "<group>"; };
		9E307F272B54C4A500D87280 /* MelodyWeaver.app */ = {isa = PBXFileReference; explicitFileType = wrapper.application; includeInIndex = 0; path = MelodyWeaver.app; sourceTree = BUILT_PRODUCTS_DIR; };
		9E307F2A2B54C4A500D87280 /* MelodyWeaverApp.swift */ = {isa = PBXFileReference; lastKnownFileType = sourcecode.swift; path = MelodyWeaverApp.swift; sourceTree = "<group>"; };
		9E307F2E2B54C4A600D87280 /* Assets.xcassets */ = {isa = PBXFileReference; lastKnownFileType = folder.assetcatalog; path = Assets.xcassets; sourceTree = "<group>"; };
		9E307F312B54C4A600D87280 /* Preview Assets.xcassets */ = {isa = PBXFileReference; lastKnownFileType = folder.assetcatalog; path = "Preview Assets.xcassets"; sourceTree = "<group>"; };
		9E3A190E2B62C6B70053FEB9 /* HomeViewModel.swift */ = {isa = PBXFileReference; lastKnownFileType = sourcecode.swift; path = HomeViewModel.swift; sourceTree = "<group>"; };
		9E3A19132B6381970053FEB9 /* DateFormat.swift */ = {isa = PBXFileReference; lastKnownFileType = sourcecode.swift; path = DateFormat.swift; sourceTree = "<group>"; };
		9E3A19152B65B9290053FEB9 /* Enums.swift */ = {isa = PBXFileReference; lastKnownFileType = sourcecode.swift; path = Enums.swift; sourceTree = "<group>"; };
		9E3A19172B65B9550053FEB9 /* Extensions.swift */ = {isa = PBXFileReference; lastKnownFileType = sourcecode.swift; path = Extensions.swift; sourceTree = "<group>"; };
		9E7908AA2B5D99F9005920D6 /* MusicSoundManager.swift */ = {isa = PBXFileReference; lastKnownFileType = sourcecode.swift; path = MusicSoundManager.swift; sourceTree = "<group>"; };
		9E790ADD2B601B8F005920D6 /* KeyboardButtons.swift */ = {isa = PBXFileReference; lastKnownFileType = sourcecode.swift; path = KeyboardButtons.swift; sourceTree = "<group>"; };
		9E790AE02B604387005920D6 /* MIDITranslation.swift */ = {isa = PBXFileReference; lastKnownFileType = sourcecode.swift; path = MIDITranslation.swift; sourceTree = "<group>"; };
		9E790AE22B604A51005920D6 /* Song.swift */ = {isa = PBXFileReference; lastKnownFileType = sourcecode.swift; path = Song.swift; sourceTree = "<group>"; };
		9E790AE42B60588D005920D6 /* File */ = {isa = PBXFileReference; lastKnownFileType = text; path = File; sourceTree = "<group>"; };
		9E790AE82B616F65005920D6 /* HomeView.swift */ = {isa = PBXFileReference; lastKnownFileType = sourcecode.swift; path = HomeView.swift; sourceTree = "<group>"; };
		9E8CAF032B558EB200E0C25E /* SheetMusicView.swift */ = {isa = PBXFileReference; lastKnownFileType = sourcecode.swift; path = SheetMusicView.swift; sourceTree = "<group>"; };
		9E8CAF082B55AA6900E0C25E /* NewSongView.swift */ = {isa = PBXFileReference; lastKnownFileType = sourcecode.swift; path = NewSongView.swift; sourceTree = "<group>"; };
		9E8CAF0A2B55AAD100E0C25E /* KeyboardView.swift */ = {isa = PBXFileReference; lastKnownFileType = sourcecode.swift; path = KeyboardView.swift; sourceTree = "<group>"; };
		9E9EB1352B5D89A2008EBAF3 /* SheetMusicViewModel.swift */ = {isa = PBXFileReference; lastKnownFileType = sourcecode.swift; path = SheetMusicViewModel.swift; sourceTree = "<group>"; };
/* End PBXFileReference section */

/* Begin PBXFrameworksBuildPhase section */
		9E307F242B54C4A500D87280 /* Frameworks */ = {
			isa = PBXFrameworksBuildPhase;
			buildActionMask = 2147483647;
			files = (
				9E790ADB2B5EB945005920D6 /* Keyboard in Frameworks */,
				9E7908AE2B5DA2AF005920D6 /* AudioKit in Frameworks */,
				9E7908B32B5DCD7F005920D6 /* AudioKitEX in Frameworks */,
			);
			runOnlyForDeploymentPostprocessing = 0;
		};
/* End PBXFrameworksBuildPhase section */

/* Begin PBXGroup section */
		9E307F1E2B54C4A500D87280 = {
			isa = PBXGroup;
			children = (
				9E307F292B54C4A500D87280 /* MelodyWeaver */,
				9E307F282B54C4A500D87280 /* Products */,
			);
			sourceTree = "<group>";
		};
		9E307F282B54C4A500D87280 /* Products */ = {
			isa = PBXGroup;
			children = (
				9E307F272B54C4A500D87280 /* MelodyWeaver.app */,
			);
			name = Products;
			sourceTree = "<group>";
		};
		9E307F292B54C4A500D87280 /* MelodyWeaver */ = {
			isa = PBXGroup;
			children = (
				9E2E901D2B65D7F800E9F48B /* Sounds */,
				9E8CAF012B558E0F00E0C25E /* Files */,
				9E790ADF2B60417E005920D6 /* Tools */,
				9E790AE72B616F3B005920D6 /* Home */,
				9E790AE62B6168D4005920D6 /* NewSong */,
			);
			path = MelodyWeaver;
			sourceTree = "<group>";
		};
		9E307F302B54C4A600D87280 /* Preview Content */ = {
			isa = PBXGroup;
			children = (
				9E307F312B54C4A600D87280 /* Preview Assets.xcassets */,
			);
			path = "Preview Content";
			sourceTree = "<group>";
		};
		9E3A190C2B62C6A60053FEB9 /* Views */ = {
			isa = PBXGroup;
			children = (
				9E790AE82B616F65005920D6 /* HomeView.swift */,
			);
			path = Views;
			sourceTree = "<group>";
		};
		9E3A190D2B62C6AC0053FEB9 /* ViewModel */ = {
			isa = PBXGroup;
			children = (
				9E3A190E2B62C6B70053FEB9 /* HomeViewModel.swift */,
			);
			path = ViewModel;
			sourceTree = "<group>";
		};
		9E3A19122B637E590053FEB9 /* NotesView */ = {
			isa = PBXGroup;
			children = (
				9E8CAF032B558EB200E0C25E /* SheetMusicView.swift */,
			);
			path = NotesView;
			sourceTree = "<group>";
		};
		9E7908A92B5D99E7005920D6 /* SoundManager */ = {
			isa = PBXGroup;
			children = (
				9E7908AA2B5D99F9005920D6 /* MusicSoundManager.swift */,
			);
			path = SoundManager;
			sourceTree = "<group>";
		};
		9E790ADC2B601B6F005920D6 /* Keyboard */ = {
			isa = PBXGroup;
			children = (
				9E8CAF0A2B55AAD100E0C25E /* KeyboardView.swift */,
				9E790ADD2B601B8F005920D6 /* KeyboardButtons.swift */,
			);
			path = Keyboard;
			sourceTree = "<group>";
		};
		9E790ADF2B60417E005920D6 /* Tools */ = {
			isa = PBXGroup;
			children = (
				9E790AE22B604A51005920D6 /* Song.swift */,
				9E790AE02B604387005920D6 /* MIDITranslation.swift */,
				9E3A19132B6381970053FEB9 /* DateFormat.swift */,
				9E3A19152B65B9290053FEB9 /* Enums.swift */,
				9E3A19172B65B9550053FEB9 /* Extensions.swift */,
			);
			path = Tools;
			sourceTree = "<group>";
		};
		9E790AE62B6168D4005920D6 /* NewSong */ = {
			isa = PBXGroup;
			children = (
				9E7908A92B5D99E7005920D6 /* SoundManager */,
				9E9EB1342B5D898B008EBAF3 /* ViewModel */,
				9E8CAF022B558E2C00E0C25E /* Views */,
			);
			path = NewSong;
			sourceTree = "<group>";
		};
		9E790AE72B616F3B005920D6 /* Home */ = {
			isa = PBXGroup;
			children = (
				9E3A190D2B62C6AC0053FEB9 /* ViewModel */,
				9E3A190C2B62C6A60053FEB9 /* Views */,
			);
			path = Home;
			sourceTree = "<group>";
		};
		9E8CAF012B558E0F00E0C25E /* Files */ = {
			isa = PBXGroup;
			children = (
				9E307F2A2B54C4A500D87280 /* MelodyWeaverApp.swift */,
				9E307F302B54C4A600D87280 /* Preview Content */,
				9E307F2E2B54C4A600D87280 /* Assets.xcassets */,
				9E790AE42B60588D005920D6 /* File */,
			);
			name = Files;
			sourceTree = "<group>";
		};
		9E8CAF022B558E2C00E0C25E /* Views */ = {
			isa = PBXGroup;
			children = (
				9E8CAF082B55AA6900E0C25E /* NewSongView.swift */,
				9E3A19122B637E590053FEB9 /* NotesView */,
				9E790ADC2B601B6F005920D6 /* Keyboard */,
			);
			path = Views;
			sourceTree = "<group>";
		};
		9E9EB1342B5D898B008EBAF3 /* ViewModel */ = {
			isa = PBXGroup;
			children = (
				9E9EB1352B5D89A2008EBAF3 /* SheetMusicViewModel.swift */,
			);
			path = ViewModel;
			sourceTree = "<group>";
		};
/* End PBXGroup section */

/* Begin PBXNativeTarget section */
		9E307F262B54C4A500D87280 /* MelodyWeaver */ = {
			isa = PBXNativeTarget;
			buildConfigurationList = 9E307F352B54C4A600D87280 /* Build configuration list for PBXNativeTarget "MelodyWeaver" */;
			buildPhases = (
				9E307F232B54C4A500D87280 /* Sources */,
				9E307F242B54C4A500D87280 /* Frameworks */,
				9E307F252B54C4A500D87280 /* Resources */,
			);
			buildRules = (
			);
			dependencies = (
			);
			name = MelodyWeaver;
			packageProductDependencies = (
				9E7908AD2B5DA2AF005920D6 /* AudioKit */,
				9E7908B22B5DCD7F005920D6 /* AudioKitEX */,
				9E790ADA2B5EB945005920D6 /* Keyboard */,
			);
			productName = MelodyWeaver;
			productReference = 9E307F272B54C4A500D87280 /* MelodyWeaver.app */;
			productType = "com.apple.product-type.application";
		};
/* End PBXNativeTarget section */

/* Begin PBXProject section */
		9E307F1F2B54C4A500D87280 /* Project object */ = {
			isa = PBXProject;
			attributes = {
				BuildIndependentTargetsInParallel = 1;
				LastSwiftUpdateCheck = 1510;
				LastUpgradeCheck = 1510;
				TargetAttributes = {
					9E307F262B54C4A500D87280 = {
						CreatedOnToolsVersion = 15.1;
					};
				};
			};
			buildConfigurationList = 9E307F222B54C4A500D87280 /* Build configuration list for PBXProject "MelodyWeaver" */;
			compatibilityVersion = "Xcode 14.0";
			developmentRegion = en;
			hasScannedForEncodings = 0;
			knownRegions = (
				en,
				Base,
			);
			mainGroup = 9E307F1E2B54C4A500D87280;
			packageReferences = (
				9E7908AC2B5DA2AF005920D6 /* XCRemoteSwiftPackageReference "AudioKit" */,
				9E7908B12B5DCD7F005920D6 /* XCRemoteSwiftPackageReference "AudioKitEX" */,
				9E790AD92B5EB945005920D6 /* XCRemoteSwiftPackageReference "Keyboard" */,
			);
			productRefGroup = 9E307F282B54C4A500D87280 /* Products */;
			projectDirPath = "";
			projectRoot = "";
			targets = (
				9E307F262B54C4A500D87280 /* MelodyWeaver */,
			);
		};
/* End PBXProject section */

/* Begin PBXResourcesBuildPhase section */
		9E307F252B54C4A500D87280 /* Resources */ = {
			isa = PBXResourcesBuildPhase;
			buildActionMask = 2147483647;
			files = (
				9E2E901E2B65D7F800E9F48B /* Sounds in Resources */,
				9E790AE52B60588D005920D6 /* File in Resources */,
				9E307F322B54C4A600D87280 /* Preview Assets.xcassets in Resources */,
				9E307F2F2B54C4A600D87280 /* Assets.xcassets in Resources */,
			);
			runOnlyForDeploymentPostprocessing = 0;
		};
/* End PBXResourcesBuildPhase section */

/* Begin PBXSourcesBuildPhase section */
		9E307F232B54C4A500D87280 /* Sources */ = {
			isa = PBXSourcesBuildPhase;
			buildActionMask = 2147483647;
			files = (
				9E8CAF042B558EB200E0C25E /* SheetMusicView.swift in Sources */,
				9E3A190F2B62C6B70053FEB9 /* HomeViewModel.swift in Sources */,
				9E7908AB2B5D99F9005920D6 /* MusicSoundManager.swift in Sources */,
				9E3A19162B65B9290053FEB9 /* Enums.swift in Sources */,
				9E3A19142B6381970053FEB9 /* DateFormat.swift in Sources */,
				9E790AE12B604387005920D6 /* MIDITranslation.swift in Sources */,
				9E9EB1362B5D89A2008EBAF3 /* SheetMusicViewModel.swift in Sources */,
				9E8CAF092B55AA6900E0C25E /* NewSongView.swift in Sources */,
				9E307F2B2B54C4A500D87280 /* MelodyWeaverApp.swift in Sources */,
				9E3A19182B65B9550053FEB9 /* Extensions.swift in Sources */,
				9E790AE32B604A51005920D6 /* Song.swift in Sources */,
				9E790AE92B616F65005920D6 /* HomeView.swift in Sources */,
				9E790ADE2B601B8F005920D6 /* KeyboardButtons.swift in Sources */,
				9E8CAF0B2B55AAD100E0C25E /* KeyboardView.swift in Sources */,
			);
			runOnlyForDeploymentPostprocessing = 0;
		};
/* End PBXSourcesBuildPhase section */

/* Begin XCBuildConfiguration section */
		9E307F332B54C4A600D87280 /* Debug */ = {
			isa = XCBuildConfiguration;
			buildSettings = {
				ALWAYS_SEARCH_USER_PATHS = NO;
				ASSETCATALOG_COMPILER_GENERATE_SWIFT_ASSET_SYMBOL_EXTENSIONS = YES;
				CLANG_ANALYZER_NONNULL = YES;
				CLANG_ANALYZER_NUMBER_OBJECT_CONVERSION = YES_AGGRESSIVE;
				CLANG_CXX_LANGUAGE_STANDARD = "gnu++20";
				CLANG_ENABLE_MODULES = YES;
				CLANG_ENABLE_OBJC_ARC = YES;
				CLANG_ENABLE_OBJC_WEAK = YES;
				CLANG_WARN_BLOCK_CAPTURE_AUTORELEASING = YES;
				CLANG_WARN_BOOL_CONVERSION = YES;
				CLANG_WARN_COMMA = YES;
				CLANG_WARN_CONSTANT_CONVERSION = YES;
				CLANG_WARN_DEPRECATED_OBJC_IMPLEMENTATIONS = YES;
				CLANG_WARN_DIRECT_OBJC_ISA_USAGE = YES_ERROR;
				CLANG_WARN_DOCUMENTATION_COMMENTS = YES;
				CLANG_WARN_EMPTY_BODY = YES;
				CLANG_WARN_ENUM_CONVERSION = YES;
				CLANG_WARN_INFINITE_RECURSION = YES;
				CLANG_WARN_INT_CONVERSION = YES;
				CLANG_WARN_NON_LITERAL_NULL_CONVERSION = YES;
				CLANG_WARN_OBJC_IMPLICIT_RETAIN_SELF = YES;
				CLANG_WARN_OBJC_LITERAL_CONVERSION = YES;
				CLANG_WARN_OBJC_ROOT_CLASS = YES_ERROR;
				CLANG_WARN_QUOTED_INCLUDE_IN_FRAMEWORK_HEADER = YES;
				CLANG_WARN_RANGE_LOOP_ANALYSIS = YES;
				CLANG_WARN_STRICT_PROTOTYPES = YES;
				CLANG_WARN_SUSPICIOUS_MOVE = YES;
				CLANG_WARN_UNGUARDED_AVAILABILITY = YES_AGGRESSIVE;
				CLANG_WARN_UNREACHABLE_CODE = YES;
				CLANG_WARN__DUPLICATE_METHOD_MATCH = YES;
				COPY_PHASE_STRIP = NO;
				DEBUG_INFORMATION_FORMAT = dwarf;
				ENABLE_STRICT_OBJC_MSGSEND = YES;
				ENABLE_TESTABILITY = YES;
				ENABLE_USER_SCRIPT_SANDBOXING = YES;
				GCC_C_LANGUAGE_STANDARD = gnu17;
				GCC_DYNAMIC_NO_PIC = NO;
				GCC_NO_COMMON_BLOCKS = YES;
				GCC_OPTIMIZATION_LEVEL = 0;
				GCC_PREPROCESSOR_DEFINITIONS = (
					"DEBUG=1",
					"$(inherited)",
				);
				GCC_WARN_64_TO_32_BIT_CONVERSION = YES;
				GCC_WARN_ABOUT_RETURN_TYPE = YES_ERROR;
				GCC_WARN_UNDECLARED_SELECTOR = YES;
				GCC_WARN_UNINITIALIZED_AUTOS = YES_AGGRESSIVE;
				GCC_WARN_UNUSED_FUNCTION = YES;
				GCC_WARN_UNUSED_VARIABLE = YES;
				IPHONEOS_DEPLOYMENT_TARGET = 16.0;
				LOCALIZATION_PREFERS_STRING_CATALOGS = YES;
				MTL_ENABLE_DEBUG_INFO = INCLUDE_SOURCE;
				MTL_FAST_MATH = YES;
				ONLY_ACTIVE_ARCH = YES;
				SDKROOT = iphoneos;
				SWIFT_ACTIVE_COMPILATION_CONDITIONS = "DEBUG $(inherited)";
				SWIFT_OPTIMIZATION_LEVEL = "-Onone";
			};
			name = Debug;
		};
		9E307F342B54C4A600D87280 /* Release */ = {
			isa = XCBuildConfiguration;
			buildSettings = {
				ALWAYS_SEARCH_USER_PATHS = NO;
				ASSETCATALOG_COMPILER_GENERATE_SWIFT_ASSET_SYMBOL_EXTENSIONS = YES;
				CLANG_ANALYZER_NONNULL = YES;
				CLANG_ANALYZER_NUMBER_OBJECT_CONVERSION = YES_AGGRESSIVE;
				CLANG_CXX_LANGUAGE_STANDARD = "gnu++20";
				CLANG_ENABLE_MODULES = YES;
				CLANG_ENABLE_OBJC_ARC = YES;
				CLANG_ENABLE_OBJC_WEAK = YES;
				CLANG_WARN_BLOCK_CAPTURE_AUTORELEASING = YES;
				CLANG_WARN_BOOL_CONVERSION = YES;
				CLANG_WARN_COMMA = YES;
				CLANG_WARN_CONSTANT_CONVERSION = YES;
				CLANG_WARN_DEPRECATED_OBJC_IMPLEMENTATIONS = YES;
				CLANG_WARN_DIRECT_OBJC_ISA_USAGE = YES_ERROR;
				CLANG_WARN_DOCUMENTATION_COMMENTS = YES;
				CLANG_WARN_EMPTY_BODY = YES;
				CLANG_WARN_ENUM_CONVERSION = YES;
				CLANG_WARN_INFINITE_RECURSION = YES;
				CLANG_WARN_INT_CONVERSION = YES;
				CLANG_WARN_NON_LITERAL_NULL_CONVERSION = YES;
				CLANG_WARN_OBJC_IMPLICIT_RETAIN_SELF = YES;
				CLANG_WARN_OBJC_LITERAL_CONVERSION = YES;
				CLANG_WARN_OBJC_ROOT_CLASS = YES_ERROR;
				CLANG_WARN_QUOTED_INCLUDE_IN_FRAMEWORK_HEADER = YES;
				CLANG_WARN_RANGE_LOOP_ANALYSIS = YES;
				CLANG_WARN_STRICT_PROTOTYPES = YES;
				CLANG_WARN_SUSPICIOUS_MOVE = YES;
				CLANG_WARN_UNGUARDED_AVAILABILITY = YES_AGGRESSIVE;
				CLANG_WARN_UNREACHABLE_CODE = YES;
				CLANG_WARN__DUPLICATE_METHOD_MATCH = YES;
				COPY_PHASE_STRIP = NO;
				DEBUG_INFORMATION_FORMAT = "dwarf-with-dsym";
				ENABLE_NS_ASSERTIONS = NO;
				ENABLE_STRICT_OBJC_MSGSEND = YES;
				ENABLE_USER_SCRIPT_SANDBOXING = YES;
				GCC_C_LANGUAGE_STANDARD = gnu17;
				GCC_NO_COMMON_BLOCKS = YES;
				GCC_WARN_64_TO_32_BIT_CONVERSION = YES;
				GCC_WARN_ABOUT_RETURN_TYPE = YES_ERROR;
				GCC_WARN_UNDECLARED_SELECTOR = YES;
				GCC_WARN_UNINITIALIZED_AUTOS = YES_AGGRESSIVE;
				GCC_WARN_UNUSED_FUNCTION = YES;
				GCC_WARN_UNUSED_VARIABLE = YES;
				IPHONEOS_DEPLOYMENT_TARGET = 16.0;
				LOCALIZATION_PREFERS_STRING_CATALOGS = YES;
				MTL_ENABLE_DEBUG_INFO = NO;
				MTL_FAST_MATH = YES;
				SDKROOT = iphoneos;
				SWIFT_COMPILATION_MODE = wholemodule;
				VALIDATE_PRODUCT = YES;
			};
			name = Release;
		};
		9E307F362B54C4A600D87280 /* Debug */ = {
			isa = XCBuildConfiguration;
			buildSettings = {
				ASSETCATALOG_COMPILER_APPICON_NAME = AppIcon;
				ASSETCATALOG_COMPILER_GLOBAL_ACCENT_COLOR_NAME = AccentColor;
				CODE_SIGN_STYLE = Automatic;
				CURRENT_PROJECT_VERSION = 1;
				DEVELOPMENT_ASSET_PATHS = "\"MelodyWeaver/Preview Content\"";
				DEVELOPMENT_TEAM = MDPY9LF665;
				ENABLE_PREVIEWS = YES;
				GENERATE_INFOPLIST_FILE = YES;
				INFOPLIST_KEY_UIApplicationSceneManifest_Generation = YES;
				INFOPLIST_KEY_UIApplicationSupportsIndirectInputEvents = YES;
				INFOPLIST_KEY_UILaunchScreen_Generation = YES;
				INFOPLIST_KEY_UISupportedInterfaceOrientations_iPad = "UIInterfaceOrientationPortrait UIInterfaceOrientationPortraitUpsideDown UIInterfaceOrientationLandscapeLeft UIInterfaceOrientationLandscapeRight";
				INFOPLIST_KEY_UISupportedInterfaceOrientations_iPhone = "UIInterfaceOrientationPortrait UIInterfaceOrientationLandscapeLeft UIInterfaceOrientationLandscapeRight";
				IPHONEOS_DEPLOYMENT_TARGET = 16.0;
				LD_RUNPATH_SEARCH_PATHS = (
					"$(inherited)",
					"@executable_path/Frameworks",
				);
				MARKETING_VERSION = 1.0;
				PRODUCT_BUNDLE_IDENTIFIER = com.Primike.MelodyWeaver;
				PRODUCT_NAME = "$(TARGET_NAME)";
				SWIFT_EMIT_LOC_STRINGS = YES;
				SWIFT_VERSION = 5.0;
				TARGETED_DEVICE_FAMILY = "1,2";
			};
			name = Debug;
		};
		9E307F372B54C4A600D87280 /* Release */ = {
			isa = XCBuildConfiguration;
			buildSettings = {
				ASSETCATALOG_COMPILER_APPICON_NAME = AppIcon;
				ASSETCATALOG_COMPILER_GLOBAL_ACCENT_COLOR_NAME = AccentColor;
				CODE_SIGN_STYLE = Automatic;
				CURRENT_PROJECT_VERSION = 1;
				DEVELOPMENT_ASSET_PATHS = "\"MelodyWeaver/Preview Content\"";
				DEVELOPMENT_TEAM = MDPY9LF665;
				ENABLE_PREVIEWS = YES;
				GENERATE_INFOPLIST_FILE = YES;
				INFOPLIST_KEY_UIApplicationSceneManifest_Generation = YES;
				INFOPLIST_KEY_UIApplicationSupportsIndirectInputEvents = YES;
				INFOPLIST_KEY_UILaunchScreen_Generation = YES;
				INFOPLIST_KEY_UISupportedInterfaceOrientations_iPad = "UIInterfaceOrientationPortrait UIInterfaceOrientationPortraitUpsideDown UIInterfaceOrientationLandscapeLeft UIInterfaceOrientationLandscapeRight";
				INFOPLIST_KEY_UISupportedInterfaceOrientations_iPhone = "UIInterfaceOrientationPortrait UIInterfaceOrientationLandscapeLeft UIInterfaceOrientationLandscapeRight";
				IPHONEOS_DEPLOYMENT_TARGET = 16.0;
				LD_RUNPATH_SEARCH_PATHS = (
					"$(inherited)",
					"@executable_path/Frameworks",
				);
				MARKETING_VERSION = 1.0;
				PRODUCT_BUNDLE_IDENTIFIER = com.Primike.MelodyWeaver;
				PRODUCT_NAME = "$(TARGET_NAME)";
				SWIFT_EMIT_LOC_STRINGS = YES;
				SWIFT_VERSION = 5.0;
				TARGETED_DEVICE_FAMILY = "1,2";
			};
			name = Release;
		};
/* End XCBuildConfiguration section */

/* Begin XCConfigurationList section */
		9E307F222B54C4A500D87280 /* Build configuration list for PBXProject "MelodyWeaver" */ = {
			isa = XCConfigurationList;
			buildConfigurations = (
				9E307F332B54C4A600D87280 /* Debug */,
				9E307F342B54C4A600D87280 /* Release */,
			);
			defaultConfigurationIsVisible = 0;
			defaultConfigurationName = Release;
		};
		9E307F352B54C4A600D87280 /* Build configuration list for PBXNativeTarget "MelodyWeaver" */ = {
			isa = XCConfigurationList;
			buildConfigurations = (
				9E307F362B54C4A600D87280 /* Debug */,
				9E307F372B54C4A600D87280 /* Release */,
			);
			defaultConfigurationIsVisible = 0;
			defaultConfigurationName = Release;
		};
/* End XCConfigurationList section */

/* Begin XCRemoteSwiftPackageReference section */
		9E7908AC2B5DA2AF005920D6 /* XCRemoteSwiftPackageReference "AudioKit" */ = {
			isa = XCRemoteSwiftPackageReference;
			repositoryURL = "https://github.com/AudioKit/AudioKit";
			requirement = {
				kind = upToNextMajorVersion;
				minimumVersion = 5.6.2;
			};
		};
		9E7908B12B5DCD7F005920D6 /* XCRemoteSwiftPackageReference "AudioKitEX" */ = {
			isa = XCRemoteSwiftPackageReference;
			repositoryURL = "https://github.com/AudioKit/AudioKitEX";
			requirement = {
				kind = upToNextMajorVersion;
				minimumVersion = 5.6.0;
			};
		};
		9E790AD92B5EB945005920D6 /* XCRemoteSwiftPackageReference "Keyboard" */ = {
			isa = XCRemoteSwiftPackageReference;
			repositoryURL = "https://github.com/AudioKit/Keyboard.git";
			requirement = {
				kind = upToNextMajorVersion;
				minimumVersion = 1.3.6;
			};
		};
/* End XCRemoteSwiftPackageReference section */

/* Begin XCSwiftPackageProductDependency section */
		9E7908AD2B5DA2AF005920D6 /* AudioKit */ = {
			isa = XCSwiftPackageProductDependency;
			package = 9E7908AC2B5DA2AF005920D6 /* XCRemoteSwiftPackageReference "AudioKit" */;
			productName = AudioKit;
		};
		9E7908B22B5DCD7F005920D6 /* AudioKitEX */ = {
			isa = XCSwiftPackageProductDependency;
			package = 9E7908B12B5DCD7F005920D6 /* XCRemoteSwiftPackageReference "AudioKitEX" */;
			productName = AudioKitEX;
		};
		9E790ADA2B5EB945005920D6 /* Keyboard */ = {
			isa = XCSwiftPackageProductDependency;
			package = 9E790AD92B5EB945005920D6 /* XCRemoteSwiftPackageReference "Keyboard" */;
			productName = Keyboard;
		};
/* End XCSwiftPackageProductDependency section */
	};
	rootObject = 9E307F1F2B54C4A500D87280 /* Project object */;
}
